// !$*UTF8*$!
{
	archiveVersion = 1;
	classes = {
	};
	objectVersion = 46;
	objects = {

/* Begin PBXBuildFile section */
		6027FFC51F2285BD00BEE237 /* grid.cpp in Sources */ = {isa = PBXBuildFile; fileRef = 6027FFC41F2285BD00BEE237 /* grid.cpp */; };
		6027FFD51F279E9D00BEE237 /* qsort.cpp in Sources */ = {isa = PBXBuildFile; fileRef = 6027FFD31F279E9D00BEE237 /* qsort.cpp */; };
		6027FFD81F27A61800BEE237 /* grid_driver.cpp in Sources */ = {isa = PBXBuildFile; fileRef = 6027FFD61F27A61800BEE237 /* grid_driver.cpp */; };
		6027FFE11F29169B00BEE237 /* interp.cpp in Sources */ = {isa = PBXBuildFile; fileRef = 6027FFDF1F29169B00BEE237 /* interp.cpp */; };
/* End PBXBuildFile section */

/* Begin PBXCopyFilesBuildPhase section */
		6027FFBF1F2285BD00BEE237 /* CopyFiles */ = {
			isa = PBXCopyFilesBuildPhase;
			buildActionMask = 2147483647;
			dstPath = /usr/share/man/man1/;
			dstSubfolderSpec = 0;
			files = (
			);
			runOnlyForDeploymentPostprocessing = 1;
		};
/* End PBXCopyFilesBuildPhase section */

/* Begin PBXFileReference section */
		6027FFC11F2285BD00BEE237 /* Uniform Grid */ = {isa = PBXFileReference; explicitFileType = "compiled.mach-o.executable"; includeInIndex = 0; path = "Uniform Grid"; sourceTree = BUILT_PRODUCTS_DIR; };
		6027FFC41F2285BD00BEE237 /* grid.cpp */ = {isa = PBXFileReference; lastKnownFileType = sourcecode.cpp.cpp; path = grid.cpp; sourceTree = "<group>"; };
		6027FFCC1F22B12100BEE237 /* grid.h */ = {isa = PBXFileReference; lastKnownFileType = sourcecode.c.h; path = grid.h; sourceTree = "<group>"; };
		6027FFD31F279E9D00BEE237 /* qsort.cpp */ = {isa = PBXFileReference; fileEncoding = 4; lastKnownFileType = sourcecode.cpp.cpp; name = qsort.cpp; path = ../Library/Library/qsort.cpp; sourceTree = "<group>"; };
		6027FFD41F279E9D00BEE237 /* qsort.h */ = {isa = PBXFileReference; fileEncoding = 4; lastKnownFileType = sourcecode.c.h; name = qsort.h; path = ../Library/Library/qsort.h; sourceTree = "<group>"; };
		6027FFD61F27A61800BEE237 /* grid_driver.cpp */ = {isa = PBXFileReference; fileEncoding = 4; lastKnownFileType = sourcecode.cpp.cpp; path = grid_driver.cpp; sourceTree = "<group>"; };
		6027FFD71F27A61800BEE237 /* grid_driver.h */ = {isa = PBXFileReference; fileEncoding = 4; lastKnownFileType = sourcecode.c.h; path = grid_driver.h; sourceTree = "<group>"; };
		6027FFDF1F29169B00BEE237 /* interp.cpp */ = {isa = PBXFileReference; fileEncoding = 4; lastKnownFileType = sourcecode.cpp.cpp; name = interp.cpp; path = ../Library/Library/interp.cpp; sourceTree = "<group>"; };
		6027FFE01F29169B00BEE237 /* interp.h */ = {isa = PBXFileReference; fileEncoding = 4; lastKnownFileType = sourcecode.c.h; name = interp.h; path = ../Library/Library/interp.h; sourceTree = "<group>"; };
/* End PBXFileReference section */

/* Begin PBXFrameworksBuildPhase section */
		6027FFBE1F2285BD00BEE237 /* Frameworks */ = {
			isa = PBXFrameworksBuildPhase;
			buildActionMask = 2147483647;
			files = (
			);
			runOnlyForDeploymentPostprocessing = 0;
		};
/* End PBXFrameworksBuildPhase section */

/* Begin PBXGroup section */
		6027FFB81F2285BD00BEE237 = {
			isa = PBXGroup;
			children = (
				6027FFDF1F29169B00BEE237 /* interp.cpp */,
				6027FFE01F29169B00BEE237 /* interp.h */,
				6027FFD31F279E9D00BEE237 /* qsort.cpp */,
				6027FFD41F279E9D00BEE237 /* qsort.h */,
				6027FFC31F2285BD00BEE237 /* Uniform Grid */,
				6027FFC21F2285BD00BEE237 /* Products */,
			);
			sourceTree = "<group>";
		};
		6027FFC21F2285BD00BEE237 /* Products */ = {
			isa = PBXGroup;
			children = (
				6027FFC11F2285BD00BEE237 /* Uniform Grid */,
			);
			name = Products;
			sourceTree = "<group>";
		};
		6027FFC31F2285BD00BEE237 /* Uniform Grid */ = {
			isa = PBXGroup;
			children = (
				6027FFD61F27A61800BEE237 /* grid_driver.cpp */,
				6027FFD71F27A61800BEE237 /* grid_driver.h */,
				6027FFC41F2285BD00BEE237 /* grid.cpp */,
				6027FFCC1F22B12100BEE237 /* grid.h */,
			);
			path = "Uniform Grid";
			sourceTree = "<group>";
		};
/* End PBXGroup section */

/* Begin PBXNativeTarget section */
		6027FFC01F2285BD00BEE237 /* Uniform Grid */ = {
			isa = PBXNativeTarget;
			buildConfigurationList = 6027FFC81F2285BD00BEE237 /* Build configuration list for PBXNativeTarget "Uniform Grid" */;
			buildPhases = (
				6027FFBD1F2285BD00BEE237 /* Sources */,
				6027FFBE1F2285BD00BEE237 /* Frameworks */,
				6027FFBF1F2285BD00BEE237 /* CopyFiles */,
			);
			buildRules = (
			);
			dependencies = (
			);
			name = "Uniform Grid";
			productName = "Uniform Grid";
			productReference = 6027FFC11F2285BD00BEE237 /* Uniform Grid */;
			productType = "com.apple.product-type.tool";
		};
/* End PBXNativeTarget section */

/* Begin PBXProject section */
		6027FFB91F2285BD00BEE237 /* Project object */ = {
			isa = PBXProject;
			attributes = {
				LastUpgradeCheck = 0830;
				ORGANIZATIONNAME = "Michelle Au";
				TargetAttributes = {
					6027FFC01F2285BD00BEE237 = {
						CreatedOnToolsVersion = 8.3.3;
						ProvisioningStyle = Automatic;
					};
				};
			};
			buildConfigurationList = 6027FFBC1F2285BD00BEE237 /* Build configuration list for PBXProject "Uniform Grid" */;
			compatibilityVersion = "Xcode 3.2";
			developmentRegion = English;
			hasScannedForEncodings = 0;
			knownRegions = (
				en,
			);
			mainGroup = 6027FFB81F2285BD00BEE237;
			productRefGroup = 6027FFC21F2285BD00BEE237 /* Products */;
			projectDirPath = "";
			projectRoot = "";
			targets = (
				6027FFC01F2285BD00BEE237 /* Uniform Grid */,
			);
		};
/* End PBXProject section */

/* Begin PBXSourcesBuildPhase section */
		6027FFBD1F2285BD00BEE237 /* Sources */ = {
			isa = PBXSourcesBuildPhase;
			buildActionMask = 2147483647;
			files = (
				6027FFC51F2285BD00BEE237 /* grid.cpp in Sources */,
				6027FFE11F29169B00BEE237 /* interp.cpp in Sources */,
				6027FFD51F279E9D00BEE237 /* qsort.cpp in Sources */,
				6027FFD81F27A61800BEE237 /* grid_driver.cpp in Sources */,
			);
			runOnlyForDeploymentPostprocessing = 0;
		};
/* End PBXSourcesBuildPhase section */

/* Begin XCBuildConfiguration section */
		6027FFC61F2285BD00BEE237 /* Debug */ = {
			isa = XCBuildConfiguration;
			buildSettings = {
				ALWAYS_SEARCH_USER_PATHS = NO;
				CLANG_ANALYZER_NONNULL = YES;
				CLANG_ANALYZER_NUMBER_OBJECT_CONVERSION = YES_AGGRESSIVE;
				CLANG_CXX_LANGUAGE_STANDARD = "gnu++0x";
				CLANG_CXX_LIBRARY = "libc++";
				CLANG_ENABLE_MODULES = YES;
				CLANG_ENABLE_OBJC_ARC = YES;
				CLANG_WARN_BOOL_CONVERSION = YES;
				CLANG_WARN_CONSTANT_CONVERSION = YES;
				CLANG_WARN_DIRECT_OBJC_ISA_USAGE = YES_ERROR;
				CLANG_WARN_DOCUMENTATION_COMMENTS = YES;
				CLANG_WARN_EMPTY_BODY = YES;
				CLANG_WARN_ENUM_CONVERSION = YES;
				CLANG_WARN_INFINITE_RECURSION = YES;
				CLANG_WARN_INT_CONVERSION = YES;
				CLANG_WARN_OBJC_ROOT_CLASS = YES_ERROR;
				CLANG_WARN_SUSPICIOUS_MOVE = YES;
				CLANG_WARN_UNREACHABLE_CODE = YES;
				CLANG_WARN__DUPLICATE_METHOD_MATCH = YES;
				CODE_SIGN_IDENTITY = "-";
				COPY_PHASE_STRIP = NO;
				DEBUG_INFORMATION_FORMAT = dwarf;
				ENABLE_STRICT_OBJC_MSGSEND = YES;
				ENABLE_TESTABILITY = YES;
				GCC_C_LANGUAGE_STANDARD = gnu99;
				GCC_DYNAMIC_NO_PIC = NO;
				GCC_NO_COMMON_BLOCKS = YES;
				GCC_OPTIMIZATION_LEVEL = 0;
				GCC_PREPROCESSOR_DEFINITIONS = (
					"DEBUG=1",
					"$(inherited)",
				);
				GCC_WARN_64_TO_32_BIT_CONVERSION = YES;
				GCC_WARN_ABOUT_RETURN_TYPE = YES_ERROR;
				GCC_WARN_UNDECLARED_SELECTOR = YES;
				GCC_WARN_UNINITIALIZED_AUTOS = YES_AGGRESSIVE;
				GCC_WARN_UNUSED_FUNCTION = YES;
				GCC_WARN_UNUSED_VARIABLE = YES;
				MACOSX_DEPLOYMENT_TARGET = 10.12;
				MTL_ENABLE_DEBUG_INFO = YES;
				ONLY_ACTIVE_ARCH = YES;
				SDKROOT = macosx;
			};
			name = Debug;
		};
		6027FFC71F2285BD00BEE237 /* Release */ = {
			isa = XCBuildConfiguration;
			buildSettings = {
				ALWAYS_SEARCH_USER_PATHS = NO;
				CLANG_ANALYZER_NONNULL = YES;
				CLANG_ANALYZER_NUMBER_OBJECT_CONVERSION = YES_AGGRESSIVE;
				CLANG_CXX_LANGUAGE_STANDARD = "gnu++0x";
				CLANG_CXX_LIBRARY = "libc++";
				CLANG_ENABLE_MODULES = YES;
				CLANG_ENABLE_OBJC_ARC = YES;
				CLANG_WARN_BOOL_CONVERSION = YES;
				CLANG_WARN_CONSTANT_CONVERSION = YES;
				CLANG_WARN_DIRECT_OBJC_ISA_USAGE = YES_ERROR;
				CLANG_WARN_DOCUMENTATION_COMMENTS = YES;
				CLANG_WARN_EMPTY_BODY = YES;
				CLANG_WARN_ENUM_CONVERSION = YES;
				CLANG_WARN_INFINITE_RECURSION = YES;
				CLANG_WARN_INT_CONVERSION = YES;
				CLANG_WARN_OBJC_ROOT_CLASS = YES_ERROR;
				CLANG_WARN_SUSPICIOUS_MOVE = YES;
				CLANG_WARN_UNREACHABLE_CODE = YES;
				CLANG_WARN__DUPLICATE_METHOD_MATCH = YES;
				CODE_SIGN_IDENTITY = "-";
				COPY_PHASE_STRIP = NO;
				DEBUG_INFORMATION_FORMAT = "dwarf-with-dsym";
				ENABLE_NS_ASSERTIONS = NO;
				ENABLE_STRICT_OBJC_MSGSEND = YES;
				GCC_C_LANGUAGE_STANDARD = gnu99;
				GCC_NO_COMMON_BLOCKS = YES;
				GCC_WARN_64_TO_32_BIT_CONVERSION = YES;
				GCC_WARN_ABOUT_RETURN_TYPE = YES_ERROR;
				GCC_WARN_UNDECLARED_SELECTOR = YES;
				GCC_WARN_UNINITIALIZED_AUTOS = YES_AGGRESSIVE;
				GCC_WARN_UNUSED_FUNCTION = YES;
				GCC_WARN_UNUSED_VARIABLE = YES;
				MACOSX_DEPLOYMENT_TARGET = 10.12;
				MTL_ENABLE_DEBUG_INFO = NO;
				SDKROOT = macosx;
			};
			name = Release;
		};
		6027FFC91F2285BD00BEE237 /* Debug */ = {
			isa = XCBuildConfiguration;
			buildSettings = {
				PRODUCT_NAME = "$(TARGET_NAME)";
			};
			name = Debug;
		};
		6027FFCA1F2285BD00BEE237 /* Release */ = {
			isa = XCBuildConfiguration;
			buildSettings = {
				PRODUCT_NAME = "$(TARGET_NAME)";
			};
			name = Release;
		};
/* End XCBuildConfiguration section */

/* Begin XCConfigurationList section */
		6027FFBC1F2285BD00BEE237 /* Build configuration list for PBXProject "Uniform Grid" */ = {
			isa = XCConfigurationList;
			buildConfigurations = (
				6027FFC61F2285BD00BEE237 /* Debug */,
				6027FFC71F2285BD00BEE237 /* Release */,
			);
			defaultConfigurationIsVisible = 0;
			defaultConfigurationName = Release;
		};
		6027FFC81F2285BD00BEE237 /* Build configuration list for PBXNativeTarget "Uniform Grid" */ = {
			isa = XCConfigurationList;
			buildConfigurations = (
				6027FFC91F2285BD00BEE237 /* Debug */,
				6027FFCA1F2285BD00BEE237 /* Release */,
			);
			defaultConfigurationIsVisible = 0;
			defaultConfigurationName = Release;
		};
/* End XCConfigurationList section */
	};
	rootObject = 6027FFB91F2285BD00BEE237 /* Project object */;
}
